PODS:
  - AtomicX/Chat (4.3.0):
    - AtomicXCore
    - Kingfisher (~> 7.0)
    - Masonry
    - SDWebImage
    - SnapKit
  - AtomicXCore (4.2.4):
    - RTCRoomEngine/Professional (>= 4.2.0)
    - TXLiteAVSDK_Professional (>= 13.0.20278)
  - ChatUIKit (1.0.0):
    - AtomicX/Chat
    - AtomicXCore
    - Kingfisher
    - Masonry
  - Kingfisher (7.12.0)
  - Masonry (1.1.0)
  - RTCRoomEngine/Professional (4.2.3):
    - TXIMSDK_Plus_iOS_XCFramework (>= 8.4.6676)
    - TXLiteAVSDK_Professional (>= 12.8.0.19666)
  - SDWebImage (5.21.7):
    - SDWebImage/Core (= 5.21.7)
  - SDWebImage/Core (5.21.7)
  - SnapKit (5.7.1)
  - TIMPush (9.0.7652):
    - TXIMSDK_Plus_iOS_XCFramework (>= 9.0.7652)
  - TXIMSDK_Plus_iOS_XCFramework (9.0.7661)
  - TXLiteAVSDK_Professional (13.4.21067):
    - TXLiteAVSDK_Professional/Professional (= 13.4.21067)
  - TXLiteAVSDK_Professional/Professional (13.4.21067)

DEPENDENCIES:
  - AtomicX/Chat (from `../../atomic-x/AtomicX.podspec`)
  - AtomicXCore (= 4.2.4)
  - ChatUIKit (from `../uikit/ChatUIKit.podspec`)
  - TIMPush (= 9.0.7652)
  - TXIMSDK_Plus_iOS_XCFramework (= 9.0.7661)

SPEC REPOS:
  trunk:
    - AtomicXCore
    - Kingfisher
    - Masonry
    - RTCRoomEngine
    - SDWebImage
    - SnapKit
    - TIMPush
    - TXIMSDK_Plus_iOS_XCFramework
    - TXLiteAVSDK_Professional

EXTERNAL SOURCES:
  AtomicX:
    :path: "../../atomic-x/AtomicX.podspec"
  ChatUIKit:
    :path: "../uikit/ChatUIKit.podspec"

SPEC CHECKSUMS:
  AtomicX: 910246da9e5e505cf38e1649d395f7c749420d24
  AtomicXCore: 1e0f27ff52b971bb707b40c1b55cb56b49813c26
  ChatUIKit: 4b186f98f68db10c7378b792b8d87fef4047e086
  Kingfisher: 53a10ea35051a436b5fb626ca2dd8f3144d755e9
  Masonry: 678fab65091a9290e40e2832a55e7ab731aad201
  RTCRoomEngine: e1ca0e30598d05e4b7cf26efd341a4af12294ca0
  SDWebImage: e9fc87c1aab89a8ab1bbd74eba378c6f53be8abf
  SnapKit: d612e99e678a2d3b95bf60b0705ed0a35c03484a
  TIMPush: 117c8737ef6e61a27071f5ffbcf6a55919842f5d
  TXIMSDK_Plus_iOS_XCFramework: 833d9b6cd4fec18531b17d35d89c7f0f55060272
  TXLiteAVSDK_Professional: 73d77e84c5a8b6c73bc06445662e3871f247e7a5

PODFILE CHECKSUM: 5af70e134cf0da526371a23be7a84f3d353d6df1

COCOAPODS: 1.16.2
